
Microsoft Visual Studio Solution File, Format Version 12.00
# Visual Studio Version 17
VisualStudioVersion = 17.12.35521.163 d17.12
MinimumVisualStudioVersion = 10.0.40219.1
Project("{FAE04EC0-301F-11D3-BF4B-00C04F79EFBC}") = "Frends.Tests.TaskAssemblyUnloading", "Frends.Tests.TaskAssemblyUnloading\Frends.Tests.TaskAssemblyUnloading.csproj", "{B53642A4-6EBE-4FB0-99B5-5E023116ECE9}"
EndProject
Project("{2150E333-8FDC-42A3-9474-1A3956D46DE8}") = "Tests", "Tests", "{B1FCF5F4-16F5-4CB5-BEA7-09190E41373A}"
EndProject
Project("{FAE04EC0-301F-11D3-BF4B-00C04F79EFBC}") = "UnloadingTestsAndSamples", "Tests\UnloadingTestsAndSamples\UnloadingTestsAndSamples.csproj", "{35A7F880-FEDB-4631-AFC8-82E3F7A025AA}"
EndProject
Global
	GlobalSection(SolutionConfigurationPlatforms) = preSolution
		Debug|Any CPU = Debug|Any CPU
		Release|Any CPU = Release|Any CPU
	EndGlobalSection
	GlobalSection(ProjectConfigurationPlatforms) = postSolution
		{B53642A4-6EBE-4FB0-99B5-5E023116ECE9}.Debug|Any CPU.ActiveCfg = Debug|Any CPU
		{B53642A4-6EBE-4FB0-99B5-5E023116ECE9}.Debug|Any CPU.Build.0 = Debug|Any CPU
		{B53642A4-6EBE-4FB0-99B5-5E023116ECE9}.Release|Any CPU.ActiveCfg = Release|Any CPU
		{B53642A4-6EBE-4FB0-99B5-5E023116ECE9}.Release|Any CPU.Build.0 = Release|Any CPU
		{35A7F880-FEDB-4631-AFC8-82E3F7A025AA}.Debug|Any CPU.ActiveCfg = Debug|Any CPU
		{35A7F880-FEDB-4631-AFC8-82E3F7A025AA}.Debug|Any CPU.Build.0 = Debug|Any CPU
		{35A7F880-FEDB-4631-AFC8-82E3F7A025AA}.Release|Any CPU.ActiveCfg = Release|Any CPU
		{35A7F880-FEDB-4631-AFC8-82E3F7A025AA}.Release|Any CPU.Build.0 = Release|Any CPU
	EndGlobalSection
	GlobalSection(SolutionProperties) = preSolution
		HideSolutionNode = FALSE
	EndGlobalSection
	GlobalSection(NestedProjects) = preSolution
		{35A7F880-FEDB-4631-AFC8-82E3F7A025AA} = {B1FCF5F4-16F5-4CB5-BEA7-09190E41373A}
	EndGlobalSection
EndGlobal
